
Microsoft Visual Studio Solution File, Format Version 12.00
# Visual Studio Version 17
VisualStudioVersion = 17.6.33801.468
MinimumVisualStudioVersion = 10.0.40219.1
Project("{FAE04EC0-301F-11D3-BF4B-00C04F79EFBC}") = "Machine_proj", "Machine_proj.csproj", "{19573547-5C27-4EE2-99B9-FD93AFC00885}"
EndProject
Global
	GlobalSection(SolutionConfigurationPlatforms) = preSolution
		Debug|Any CPU = Debug|Any CPU
		Release|Any CPU = Release|Any CPU
	EndGlobalSection
	GlobalSection(ProjectConfigurationPlatforms) = postSolution
		{19573547-5C27-4EE2-99B9-FD93AFC00885}.Debug|Any CPU.ActiveCfg = Debug|Any CPU
		{19573547-5C27-4EE2-99B9-FD93AFC00885}.Debug|Any CPU.Build.0 = Debug|Any CPU
		{19573547-5C27-4EE2-99B9-FD93AFC00885}.Release|Any CPU.ActiveCfg = Release|Any CPU
		{19573547-5C27-4EE2-99B9-FD93AFC00885}.Release|Any CPU.Build.0 = Release|Any CPU
	EndGlobalSection
	GlobalSection(SolutionProperties) = preSolution
		HideSolutionNode = FALSE
	EndGlobalSection
	GlobalSection(ExtensibilityGlobals) = postSolution
		SolutionGuid = {5E03804D-F5C3-4D2C-BB84-8E22A52B4309}
	EndGlobalSection
EndGlobal
